
Microsoft Visual Studio Solution File, Format Version 12.00
# Visual Studio Version 16
VisualStudioVersion = 16.0.31515.178
MinimumVisualStudioVersion = 10.0.40219.1
Project("{FAE04EC0-301F-11D3-BF4B-00C04F79EFBC}") = "GenericTest", "GenericTest\GenericTest.csproj", "{D51B1F85-596A-4285-823C-4BA5EE8902F4}"
EndProject
Global
	GlobalSection(SolutionConfigurationPlatforms) = preSolution
		Debug|Any CPU = Debug|Any CPU
		Release|Any CPU = Release|Any CPU
	EndGlobalSection
	GlobalSection(ProjectConfigurationPlatforms) = postSolution
		{D51B1F85-596A-4285-823C-4BA5EE8902F4}.Debug|Any CPU.ActiveCfg = Debug|Any CPU
		{D51B1F85-596A-4285-823C-4BA5EE8902F4}.Debug|Any CPU.Build.0 = Debug|Any CPU
		{D51B1F85-596A-4285-823C-4BA5EE8902F4}.Release|Any CPU.ActiveCfg = Release|Any CPU
		{D51B1F85-596A-4285-823C-4BA5EE8902F4}.Release|Any CPU.Build.0 = Release|Any CPU
	EndGlobalSection
	GlobalSection(SolutionProperties) = preSolution
		HideSolutionNode = FALSE
	EndGlobalSection
	GlobalSection(ExtensibilityGlobals) = postSolution
		SolutionGuid = {E46CB56E-A6E0-4BF9-B995-199AB3410F43}
	EndGlobalSection
EndGlobal
