
Microsoft Visual Studio Solution File, Format Version 12.00
# Visual Studio Version 17
VisualStudioVersion = 17.1.32228.430
MinimumVisualStudioVersion = 10.0.40219.1
Project("{9A19103F-16F7-4668-BE54-9A1E7A4F7556}") = "ForeachTest", "ForeachTest\ForeachTest.csproj", "{3339ACE7-7135-40FF-B3AD-81038BDC7714}"
EndProject
Project("{FAE04EC0-301F-11D3-BF4B-00C04F79EFBC}") = "AsyncTest", "AsyncTest\AsyncTest.csproj", "{577E9535-ADC8-4A38-BB63-893D15FCBF3E}"
EndProject
Global
	GlobalSection(SolutionConfigurationPlatforms) = preSolution
		Debug|Any CPU = Debug|Any CPU
		Release|Any CPU = Release|Any CPU
	EndGlobalSection
	GlobalSection(ProjectConfigurationPlatforms) = postSolution
		{3339ACE7-7135-40FF-B3AD-81038BDC7714}.Debug|Any CPU.ActiveCfg = Debug|Any CPU
		{3339ACE7-7135-40FF-B3AD-81038BDC7714}.Debug|Any CPU.Build.0 = Debug|Any CPU
		{3339ACE7-7135-40FF-B3AD-81038BDC7714}.Release|Any CPU.ActiveCfg = Release|Any CPU
		{3339ACE7-7135-40FF-B3AD-81038BDC7714}.Release|Any CPU.Build.0 = Release|Any CPU
		{577E9535-ADC8-4A38-BB63-893D15FCBF3E}.Debug|Any CPU.ActiveCfg = Debug|Any CPU
		{577E9535-ADC8-4A38-BB63-893D15FCBF3E}.Debug|Any CPU.Build.0 = Debug|Any CPU
		{577E9535-ADC8-4A38-BB63-893D15FCBF3E}.Release|Any CPU.ActiveCfg = Release|Any CPU
		{577E9535-ADC8-4A38-BB63-893D15FCBF3E}.Release|Any CPU.Build.0 = Release|Any CPU
	EndGlobalSection
	GlobalSection(SolutionProperties) = preSolution
		HideSolutionNode = FALSE
	EndGlobalSection
	GlobalSection(ExtensibilityGlobals) = postSolution
		SolutionGuid = {62CEF21F-BE8F-48C1-8038-6720F7A95E29}
	EndGlobalSection
EndGlobal
