
Microsoft Visual Studio Solution File, Format Version 12.00
# Visual Studio 15
VisualStudioVersion = 15.0.28307.136
MinimumVisualStudioVersion = 10.0.40219.1
Project("{FAE04EC0-301F-11D3-BF4B-00C04F79EFBC}") = "DoubleBuffer", "DoubleBuffer\DoubleBuffer.csproj", "{3B68DC26-CC62-4FE8-8AE9-CC4C54113574}"
EndProject
Project("{FAE04EC0-301F-11D3-BF4B-00C04F79EFBC}") = "Adapter", "Adapter\Adapter.csproj", "{9CCDABEB-1D6E-49B4-9489-53704194D4D8}"
EndProject
Project("{FAE04EC0-301F-11D3-BF4B-00C04F79EFBC}") = "Decractor", "Decractor\Decractor.csproj", "{02A0E417-66FF-402E-A8F1-FCEE84D32C71}"
EndProject
Global
	GlobalSection(SolutionConfigurationPlatforms) = preSolution
		Debug|Any CPU = Debug|Any CPU
		Release|Any CPU = Release|Any CPU
	EndGlobalSection
	GlobalSection(ProjectConfigurationPlatforms) = postSolution
		{3B68DC26-CC62-4FE8-8AE9-CC4C54113574}.Debug|Any CPU.ActiveCfg = Debug|Any CPU
		{3B68DC26-CC62-4FE8-8AE9-CC4C54113574}.Debug|Any CPU.Build.0 = Debug|Any CPU
		{3B68DC26-CC62-4FE8-8AE9-CC4C54113574}.Release|Any CPU.ActiveCfg = Release|Any CPU
		{3B68DC26-CC62-4FE8-8AE9-CC4C54113574}.Release|Any CPU.Build.0 = Release|Any CPU
		{9CCDABEB-1D6E-49B4-9489-53704194D4D8}.Debug|Any CPU.ActiveCfg = Debug|Any CPU
		{9CCDABEB-1D6E-49B4-9489-53704194D4D8}.Debug|Any CPU.Build.0 = Debug|Any CPU
		{9CCDABEB-1D6E-49B4-9489-53704194D4D8}.Release|Any CPU.ActiveCfg = Release|Any CPU
		{9CCDABEB-1D6E-49B4-9489-53704194D4D8}.Release|Any CPU.Build.0 = Release|Any CPU
		{02A0E417-66FF-402E-A8F1-FCEE84D32C71}.Debug|Any CPU.ActiveCfg = Debug|Any CPU
		{02A0E417-66FF-402E-A8F1-FCEE84D32C71}.Debug|Any CPU.Build.0 = Debug|Any CPU
		{02A0E417-66FF-402E-A8F1-FCEE84D32C71}.Release|Any CPU.ActiveCfg = Release|Any CPU
		{02A0E417-66FF-402E-A8F1-FCEE84D32C71}.Release|Any CPU.Build.0 = Release|Any CPU
	EndGlobalSection
	GlobalSection(SolutionProperties) = preSolution
		HideSolutionNode = FALSE
	EndGlobalSection
	GlobalSection(ExtensibilityGlobals) = postSolution
		SolutionGuid = {365E0B38-3D1C-4F0F-A066-F4432039C96E}
	EndGlobalSection
EndGlobal
