
Microsoft Visual Studio Solution File, Format Version 12.00
# Visual Studio 15
VisualStudioVersion = 15.0.28307.136
MinimumVisualStudioVersion = 10.0.40219.1
Project("{FAE04EC0-301F-11D3-BF4B-00C04F79EFBC}") = "IEnumeratorTest", "IEnumeratorTest\IEnumeratorTest.csproj", "{A2750FD4-6014-492A-B7FF-11502FBACF5A}"
EndProject
Project("{FAE04EC0-301F-11D3-BF4B-00C04F79EFBC}") = "IEnumerableTest", "IEnumerableTest\IEnumerableTest.csproj", "{CB59573E-9AA4-442D-B844-504C56C6F763}"
EndProject
Global
	GlobalSection(SolutionConfigurationPlatforms) = preSolution
		Debug|Any CPU = Debug|Any CPU
		Release|Any CPU = Release|Any CPU
	EndGlobalSection
	GlobalSection(ProjectConfigurationPlatforms) = postSolution
		{A2750FD4-6014-492A-B7FF-11502FBACF5A}.Debug|Any CPU.ActiveCfg = Debug|Any CPU
		{A2750FD4-6014-492A-B7FF-11502FBACF5A}.Debug|Any CPU.Build.0 = Debug|Any CPU
		{A2750FD4-6014-492A-B7FF-11502FBACF5A}.Release|Any CPU.ActiveCfg = Release|Any CPU
		{A2750FD4-6014-492A-B7FF-11502FBACF5A}.Release|Any CPU.Build.0 = Release|Any CPU
		{CB59573E-9AA4-442D-B844-504C56C6F763}.Debug|Any CPU.ActiveCfg = Debug|Any CPU
		{CB59573E-9AA4-442D-B844-504C56C6F763}.Debug|Any CPU.Build.0 = Debug|Any CPU
		{CB59573E-9AA4-442D-B844-504C56C6F763}.Release|Any CPU.ActiveCfg = Release|Any CPU
		{CB59573E-9AA4-442D-B844-504C56C6F763}.Release|Any CPU.Build.0 = Release|Any CPU
	EndGlobalSection
	GlobalSection(SolutionProperties) = preSolution
		HideSolutionNode = FALSE
	EndGlobalSection
	GlobalSection(ExtensibilityGlobals) = postSolution
		SolutionGuid = {C9BEBDFE-1F84-4A0B-A6D1-55AA94C8689D}
	EndGlobalSection
EndGlobal
