
Microsoft Visual Studio Solution File, Format Version 12.00
# Visual Studio Version 16
VisualStudioVersion = 16.0.31515.178
MinimumVisualStudioVersion = 10.0.40219.1
Project("{FAE04EC0-301F-11D3-BF4B-00C04F79EFBC}") = "AlgorithmsTest", "AlgorithmsTest\AlgorithmsTest.csproj", "{A7020BFA-A8A4-4C3C-9594-CFBBBB392D8D}"
EndProject
Global
	GlobalSection(SolutionConfigurationPlatforms) = preSolution
		Debug|Any CPU = Debug|Any CPU
		Release|Any CPU = Release|Any CPU
	EndGlobalSection
	GlobalSection(ProjectConfigurationPlatforms) = postSolution
		{A7020BFA-A8A4-4C3C-9594-CFBBBB392D8D}.Debug|Any CPU.ActiveCfg = Debug|Any CPU
		{A7020BFA-A8A4-4C3C-9594-CFBBBB392D8D}.Debug|Any CPU.Build.0 = Debug|Any CPU
		{A7020BFA-A8A4-4C3C-9594-CFBBBB392D8D}.Release|Any CPU.ActiveCfg = Release|Any CPU
		{A7020BFA-A8A4-4C3C-9594-CFBBBB392D8D}.Release|Any CPU.Build.0 = Release|Any CPU
	EndGlobalSection
	GlobalSection(SolutionProperties) = preSolution
		HideSolutionNode = FALSE
	EndGlobalSection
	GlobalSection(ExtensibilityGlobals) = postSolution
		SolutionGuid = {165A36EF-304A-4D6E-9BD8-48ED9C827C63}
	EndGlobalSection
EndGlobal
